
Microsoft Visual Studio Solution File, Format Version 12.00
# Visual Studio Version 17
VisualStudioVersion = 17.2.32630.192
MinimumVisualStudioVersion = 10.0.40219.1
Project("{FAE04EC0-301F-11D3-BF4B-00C04F79EFBC}") = "Shopping.Client", "Shopping.Client\Shopping.Client.csproj", "{97082F05-69F6-4BBB-B199-EBD72EEDC29C}"
	ProjectSection(ProjectDependencies) = postProject
		{7C03AFB7-4CDF-42C1-B6D4-B7CE7F55294E} = {7C03AFB7-4CDF-42C1-B6D4-B7CE7F55294E}
	EndProjectSection
EndProject
Project("{FAE04EC0-301F-11D3-BF4B-00C04F79EFBC}") = "Shopping.API", "Shopping.API\Shopping.API.csproj", "{7C03AFB7-4CDF-42C1-B6D4-B7CE7F55294E}"
EndProject
Project("{E53339B2-1760-4266-BCC7-CA923CBCF16C}") = "docker-compose", "docker-compose.dcproj", "{28B75FFF-462C-434B-AD6B-506B4608C74A}"
EndProject
Global
	GlobalSection(SolutionConfigurationPlatforms) = preSolution
		Debug|Any CPU = Debug|Any CPU
		Release|Any CPU = Release|Any CPU
	EndGlobalSection
	GlobalSection(ProjectConfigurationPlatforms) = postSolution
		{97082F05-69F6-4BBB-B199-EBD72EEDC29C}.Debug|Any CPU.ActiveCfg = Debug|Any CPU
		{97082F05-69F6-4BBB-B199-EBD72EEDC29C}.Debug|Any CPU.Build.0 = Debug|Any CPU
		{97082F05-69F6-4BBB-B199-EBD72EEDC29C}.Release|Any CPU.ActiveCfg = Release|Any CPU
		{97082F05-69F6-4BBB-B199-EBD72EEDC29C}.Release|Any CPU.Build.0 = Release|Any CPU
		{7C03AFB7-4CDF-42C1-B6D4-B7CE7F55294E}.Debug|Any CPU.ActiveCfg = Debug|Any CPU
		{7C03AFB7-4CDF-42C1-B6D4-B7CE7F55294E}.Debug|Any CPU.Build.0 = Debug|Any CPU
		{7C03AFB7-4CDF-42C1-B6D4-B7CE7F55294E}.Release|Any CPU.ActiveCfg = Release|Any CPU
		{7C03AFB7-4CDF-42C1-B6D4-B7CE7F55294E}.Release|Any CPU.Build.0 = Release|Any CPU
		{28B75FFF-462C-434B-AD6B-506B4608C74A}.Debug|Any CPU.ActiveCfg = Debug|Any CPU
		{28B75FFF-462C-434B-AD6B-506B4608C74A}.Debug|Any CPU.Build.0 = Debug|Any CPU
		{28B75FFF-462C-434B-AD6B-506B4608C74A}.Release|Any CPU.ActiveCfg = Release|Any CPU
		{28B75FFF-462C-434B-AD6B-506B4608C74A}.Release|Any CPU.Build.0 = Release|Any CPU
	EndGlobalSection
	GlobalSection(SolutionProperties) = preSolution
		HideSolutionNode = FALSE
	EndGlobalSection
	GlobalSection(ExtensibilityGlobals) = postSolution
		SolutionGuid = {5D60E76C-D438-43FF-B9A1-B299FB9E9B39}
	EndGlobalSection
EndGlobal
